
Microsoft Visual Studio Solution File, Format Version 12.00
# Visual Studio 15
Project("{FAE04EC0-301F-11D3-BF4B-00C04F79EFBC}") = "Assembly-CSharp", "Assembly-CSharp.csproj", "{968BE7D8-BA25-CE67-2A4D-3AD3F61B2BF0}"
EndProject
Project("{FAE04EC0-301F-11D3-BF4B-00C04F79EFBC}") = "Assembly-CSharp-firstpass", "Assembly-CSharp-firstpass.csproj", "{250AE6DE-C1DB-B0CA-70B6-9E17B1093B4A}"
EndProject
Project("{FAE04EC0-301F-11D3-BF4B-00C04F79EFBC}") = "Assembly-CSharp-Editor", "Assembly-CSharp-Editor.csproj", "{B282ACAB-3344-735C-C6B5-641D2B33DB12}"
EndProject
Global
	GlobalSection(SolutionConfigurationPlatforms) = preSolution
		Debug|Any CPU = Debug|Any CPU
		Release|Any CPU = Release|Any CPU
	EndGlobalSection
	GlobalSection(ProjectConfigurationPlatforms) = postSolution
		{968BE7D8-BA25-CE67-2A4D-3AD3F61B2BF0}.Debug|Any CPU.ActiveCfg = Debug|Any CPU
		{968BE7D8-BA25-CE67-2A4D-3AD3F61B2BF0}.Debug|Any CPU.Build.0 = Debug|Any CPU
		{968BE7D8-BA25-CE67-2A4D-3AD3F61B2BF0}.Release|Any CPU.ActiveCfg = Release|Any CPU
		{968BE7D8-BA25-CE67-2A4D-3AD3F61B2BF0}.Release|Any CPU.Build.0 = Release|Any CPU
		{250AE6DE-C1DB-B0CA-70B6-9E17B1093B4A}.Debug|Any CPU.ActiveCfg = Debug|Any CPU
		{250AE6DE-C1DB-B0CA-70B6-9E17B1093B4A}.Debug|Any CPU.Build.0 = Debug|Any CPU
		{250AE6DE-C1DB-B0CA-70B6-9E17B1093B4A}.Release|Any CPU.ActiveCfg = Release|Any CPU
		{250AE6DE-C1DB-B0CA-70B6-9E17B1093B4A}.Release|Any CPU.Build.0 = Release|Any CPU
		{B282ACAB-3344-735C-C6B5-641D2B33DB12}.Debug|Any CPU.ActiveCfg = Debug|Any CPU
		{B282ACAB-3344-735C-C6B5-641D2B33DB12}.Debug|Any CPU.Build.0 = Debug|Any CPU
		{B282ACAB-3344-735C-C6B5-641D2B33DB12}.Release|Any CPU.ActiveCfg = Release|Any CPU
		{B282ACAB-3344-735C-C6B5-641D2B33DB12}.Release|Any CPU.Build.0 = Release|Any CPU
	EndGlobalSection
	GlobalSection(SolutionProperties) = preSolution
		HideSolutionNode = FALSE
	EndGlobalSection
EndGlobal
